
Microsoft Visual Studio Solution File, Format Version 12.00
# Visual Studio Version 17
VisualStudioVersion = 17.9.34622.214
MinimumVisualStudioVersion = 10.0.40219.1
Project("{FAE04EC0-301F-11D3-BF4B-00C04F79EFBC}") = "DopamineDetoxAPI", "DopamineDetoxAPI.csproj", "{2AE40149-EA05-4FF2-AD3D-74D948CE4524}"
EndProject
Global
	GlobalSection(SolutionConfigurationPlatforms) = preSolution
		Debug|Any CPU = Debug|Any CPU
		Release|Any CPU = Release|Any CPU
	EndGlobalSection
	GlobalSection(ProjectConfigurationPlatforms) = postSolution
		{2AE40149-EA05-4FF2-AD3D-74D948CE4524}.Debug|Any CPU.ActiveCfg = Debug|Any CPU
		{2AE40149-EA05-4FF2-AD3D-74D948CE4524}.Debug|Any CPU.Build.0 = Debug|Any CPU
		{2AE40149-EA05-4FF2-AD3D-74D948CE4524}.Release|Any CPU.ActiveCfg = Release|Any CPU
		{2AE40149-EA05-4FF2-AD3D-74D948CE4524}.Release|Any CPU.Build.0 = Release|Any CPU
	EndGlobalSection
	GlobalSection(SolutionProperties) = preSolution
		HideSolutionNode = FALSE
	EndGlobalSection
	GlobalSection(ExtensibilityGlobals) = postSolution
		SolutionGuid = {82BF45E0-B799-4D0D-B673-6F7B6BA89B6F}
	EndGlobalSection
EndGlobal
